
Microsoft Visual Studio Solution File, Format Version 12.00
# Visual Studio Version 17
VisualStudioVersion = 17.3.32922.545
MinimumVisualStudioVersion = 10.0.40219.1
Project("{9A19103F-16F7-4668-BE54-9A1E7A4F7556}") = "BinanceBOT", "BinanceBOT\BinanceBOT.csproj", "{6FE7CA7E-83E3-4E83-9538-40A70C11F0CD}"
EndProject
Project("{FAE04EC0-301F-11D3-BF4B-00C04F79EFBC}") = "BinanceAPI.NET", "BinanceAPI.NET\BinanceAPI.NET.csproj", "{866E9D24-CD66-403F-9C89-018C6F01EAA2}"
EndProject
Global
	GlobalSection(SolutionConfigurationPlatforms) = preSolution
		Debug|Any CPU = Debug|Any CPU
		Release|Any CPU = Release|Any CPU
	EndGlobalSection
	GlobalSection(ProjectConfigurationPlatforms) = postSolution
		{6FE7CA7E-83E3-4E83-9538-40A70C11F0CD}.Debug|Any CPU.ActiveCfg = Debug|Any CPU
		{6FE7CA7E-83E3-4E83-9538-40A70C11F0CD}.Debug|Any CPU.Build.0 = Debug|Any CPU
		{6FE7CA7E-83E3-4E83-9538-40A70C11F0CD}.Release|Any CPU.ActiveCfg = Release|Any CPU
		{6FE7CA7E-83E3-4E83-9538-40A70C11F0CD}.Release|Any CPU.Build.0 = Release|Any CPU
		{866E9D24-CD66-403F-9C89-018C6F01EAA2}.Debug|Any CPU.ActiveCfg = Debug|Any CPU
		{866E9D24-CD66-403F-9C89-018C6F01EAA2}.Debug|Any CPU.Build.0 = Debug|Any CPU
		{866E9D24-CD66-403F-9C89-018C6F01EAA2}.Release|Any CPU.ActiveCfg = Release|Any CPU
		{866E9D24-CD66-403F-9C89-018C6F01EAA2}.Release|Any CPU.Build.0 = Release|Any CPU
	EndGlobalSection
	GlobalSection(SolutionProperties) = preSolution
		HideSolutionNode = FALSE
	EndGlobalSection
	GlobalSection(ExtensibilityGlobals) = postSolution
		SolutionGuid = {89BE13B9-FD8E-4643-8DC5-3C577278FC80}
	EndGlobalSection
EndGlobal
